
Microsoft Visual Studio Solution File, Format Version 12.00
# Visual Studio 15
VisualStudioVersion = 15.0.28010.2036
MinimumVisualStudioVersion = 10.0.40219.1
Project("{FAE04EC0-301F-11D3-BF4B-00C04F79EFBC}") = "Task6", "Task6\Task6.csproj", "{C6EE33A9-1A27-493C-9EEB-F884EB0358A5}"
EndProject
Global
	GlobalSection(SolutionConfigurationPlatforms) = preSolution
		Debug|Any CPU = Debug|Any CPU
		Release|Any CPU = Release|Any CPU
	EndGlobalSection
	GlobalSection(ProjectConfigurationPlatforms) = postSolution
		{C6EE33A9-1A27-493C-9EEB-F884EB0358A5}.Debug|Any CPU.ActiveCfg = Debug|Any CPU
		{C6EE33A9-1A27-493C-9EEB-F884EB0358A5}.Debug|Any CPU.Build.0 = Debug|Any CPU
		{C6EE33A9-1A27-493C-9EEB-F884EB0358A5}.Release|Any CPU.ActiveCfg = Release|Any CPU
		{C6EE33A9-1A27-493C-9EEB-F884EB0358A5}.Release|Any CPU.Build.0 = Release|Any CPU
	EndGlobalSection
	GlobalSection(SolutionProperties) = preSolution
		HideSolutionNode = FALSE
	EndGlobalSection
	GlobalSection(ExtensibilityGlobals) = postSolution
		SolutionGuid = {7F2E68B0-9DB8-4077-B4C6-6187F99ED107}
	EndGlobalSection
EndGlobal
